
Microsoft Visual Studio Solution File, Format Version 12.00
# Visual Studio Version 17
VisualStudioVersion = 17.10.35013.160
MinimumVisualStudioVersion = 10.0.40219.1
Project("{FAE04EC0-301F-11D3-BF4B-00C04F79EFBC}") = "Api", "Api\Api.csproj", "{7F86C857-1F3E-4DFF-9850-A01CAB659041}"
EndProject
Project("{FAE04EC0-301F-11D3-BF4B-00C04F79EFBC}") = "Data", "Data\Data.csproj", "{C2578ED6-AD4E-4545-B674-5E24ECD9083D}"
EndProject
Project("{FAE04EC0-301F-11D3-BF4B-00C04F79EFBC}") = "UserManagement", "UserManagement\UserManagement.csproj", "{76006C2F-8C6A-4C16-A7F7-DA07868480D4}"
EndProject
Global
	GlobalSection(SolutionConfigurationPlatforms) = preSolution
		Debug|Any CPU = Debug|Any CPU
		Release|Any CPU = Release|Any CPU
	EndGlobalSection
	GlobalSection(ProjectConfigurationPlatforms) = postSolution
		{7F86C857-1F3E-4DFF-9850-A01CAB659041}.Debug|Any CPU.ActiveCfg = Debug|Any CPU
		{7F86C857-1F3E-4DFF-9850-A01CAB659041}.Debug|Any CPU.Build.0 = Debug|Any CPU
		{7F86C857-1F3E-4DFF-9850-A01CAB659041}.Release|Any CPU.ActiveCfg = Release|Any CPU
		{7F86C857-1F3E-4DFF-9850-A01CAB659041}.Release|Any CPU.Build.0 = Release|Any CPU
		{C2578ED6-AD4E-4545-B674-5E24ECD9083D}.Debug|Any CPU.ActiveCfg = Debug|Any CPU
		{C2578ED6-AD4E-4545-B674-5E24ECD9083D}.Debug|Any CPU.Build.0 = Debug|Any CPU
		{C2578ED6-AD4E-4545-B674-5E24ECD9083D}.Release|Any CPU.ActiveCfg = Release|Any CPU
		{C2578ED6-AD4E-4545-B674-5E24ECD9083D}.Release|Any CPU.Build.0 = Release|Any CPU
		{76006C2F-8C6A-4C16-A7F7-DA07868480D4}.Debug|Any CPU.ActiveCfg = Debug|Any CPU
		{76006C2F-8C6A-4C16-A7F7-DA07868480D4}.Debug|Any CPU.Build.0 = Debug|Any CPU
		{76006C2F-8C6A-4C16-A7F7-DA07868480D4}.Release|Any CPU.ActiveCfg = Release|Any CPU
		{76006C2F-8C6A-4C16-A7F7-DA07868480D4}.Release|Any CPU.Build.0 = Release|Any CPU
	EndGlobalSection
	GlobalSection(SolutionProperties) = preSolution
		HideSolutionNode = FALSE
	EndGlobalSection
	GlobalSection(ExtensibilityGlobals) = postSolution
		SolutionGuid = {DEE804FE-FBFA-4E55-B83F-F29F60B6322C}
	EndGlobalSection
EndGlobal
